
Microsoft Visual Studio Solution File, Format Version 12.00
# Visual Studio Version 16
VisualStudioVersion = 16.0.29215.179
MinimumVisualStudioVersion = 10.0.40219.1
Project("{FAE04EC0-301F-11D3-BF4B-00C04F79EFBC}") = "WebAPI", "WebAPI\WebAPI.csproj", "{EEAF2F9F-7D53-4001-937D-97C2BF2FF7DF}"
EndProject
Global
	GlobalSection(SolutionConfigurationPlatforms) = preSolution
		Debug|Any CPU = Debug|Any CPU
		Release|Any CPU = Release|Any CPU
	EndGlobalSection
	GlobalSection(ProjectConfigurationPlatforms) = postSolution
		{EEAF2F9F-7D53-4001-937D-97C2BF2FF7DF}.Debug|Any CPU.ActiveCfg = Debug|Any CPU
		{EEAF2F9F-7D53-4001-937D-97C2BF2FF7DF}.Debug|Any CPU.Build.0 = Debug|Any CPU
		{EEAF2F9F-7D53-4001-937D-97C2BF2FF7DF}.Release|Any CPU.ActiveCfg = Release|Any CPU
		{EEAF2F9F-7D53-4001-937D-97C2BF2FF7DF}.Release|Any CPU.Build.0 = Release|Any CPU
	EndGlobalSection
	GlobalSection(SolutionProperties) = preSolution
		HideSolutionNode = FALSE
	EndGlobalSection
	GlobalSection(ExtensibilityGlobals) = postSolution
		SolutionGuid = {82AC8B8F-938A-4D99-AD60-A24AC2F0124A}
	EndGlobalSection
EndGlobal
